// !$*UTF8*$!
{
	archiveVersion = 1;
	classes = {
	};
	objectVersion = 46;
	objects = {

/* Begin PBXBuildFile section */
		7D4B90DA1A655288007DA792 /* logo-30.png in Resources */ = {isa = PBXBuildFile; fileRef = 7D4B90D91A655288007DA792 /* logo-30.png */; };
		7D4B90DC1A65533D007DA792 /* ItemService.swift in Sources */ = {isa = PBXBuildFile; fileRef = 7D4B90DB1A65533D007DA792 /* ItemService.swift */; };
		7D4B90DF1A655356007DA792 /* ToDoListDoneTableViewController.swift in Sources */ = {isa = PBXBuildFile; fileRef = 7D4B90DD1A655356007DA792 /* ToDoListDoneTableViewController.swift */; };
		7D4B90E01A655356007DA792 /* ToDoListUndoTableViewController.swift in Sources */ = {isa = PBXBuildFile; fileRef = 7D4B90DE1A655356007DA792 /* ToDoListUndoTableViewController.swift */; };
		7D4B90E21A655365007DA792 /* Page.swift in Sources */ = {isa = PBXBuildFile; fileRef = 7D4B90E11A655365007DA792 /* Page.swift */; };
		7D9163EF1A5C1AA800ED402F /* AppDelegate.swift in Sources */ = {isa = PBXBuildFile; fileRef = 7D9163EE1A5C1AA800ED402F /* AppDelegate.swift */; };
		7D9163F21A5C1AA800ED402F /* TestCoreData.xcdatamodeld in Sources */ = {isa = PBXBuildFile; fileRef = 7D9163F01A5C1AA800ED402F /* TestCoreData.xcdatamodeld */; };
		7D9163F71A5C1AA800ED402F /* Main.storyboard in Resources */ = {isa = PBXBuildFile; fileRef = 7D9163F51A5C1AA800ED402F /* Main.storyboard */; };
		7D9163F91A5C1AA800ED402F /* Images.xcassets in Resources */ = {isa = PBXBuildFile; fileRef = 7D9163F81A5C1AA800ED402F /* Images.xcassets */; };
		7D9163FC1A5C1AA800ED402F /* LaunchScreen.xib in Resources */ = {isa = PBXBuildFile; fileRef = 7D9163FA1A5C1AA800ED402F /* LaunchScreen.xib */; };
		7D9164081A5C1AA800ED402F /* TestCoreDataTests.swift in Sources */ = {isa = PBXBuildFile; fileRef = 7D9164071A5C1AA800ED402F /* TestCoreDataTests.swift */; };
		7D9164121A5C1AFC00ED402F /* Item.swift in Sources */ = {isa = PBXBuildFile; fileRef = 7D9164111A5C1AFC00ED402F /* Item.swift */; };
		7D9164141A5C1CEF00ED402F /* ToDoListTableViewController.swift in Sources */ = {isa = PBXBuildFile; fileRef = 7D9164131A5C1CEF00ED402F /* ToDoListTableViewController.swift */; };
		7D9164161A5C1D0100ED402F /* AddItemViewController.swift in Sources */ = {isa = PBXBuildFile; fileRef = 7D9164151A5C1D0100ED402F /* AddItemViewController.swift */; };
		7D91641D1A5C24D400ED402F /* CoreDataHelper.swift in Sources */ = {isa = PBXBuildFile; fileRef = 7D91641C1A5C24D400ED402F /* CoreDataHelper.swift */; };
		7DA3FE441A64023F0029BA86 /* FirstTabBarController.swift in Sources */ = {isa = PBXBuildFile; fileRef = 7DA3FE431A64023F0029BA86 /* FirstTabBarController.swift */; };
/* End PBXBuildFile section */

/* Begin PBXContainerItemProxy section */
		7D9164021A5C1AA800ED402F /* PBXContainerItemProxy */ = {
			isa = PBXContainerItemProxy;
			containerPortal = 7D9163E11A5C1AA800ED402F /* Project object */;
			proxyType = 1;
			remoteGlobalIDString = 7D9163E81A5C1AA800ED402F;
			remoteInfo = TestCoreData;
		};
/* End PBXContainerItemProxy section */

/* Begin PBXFileReference section */
		7D4B90D91A655288007DA792 /* logo-30.png */ = {isa = PBXFileReference; lastKnownFileType = image.png; path = "logo-30.png"; sourceTree = "<group>"; };
		7D4B90DB1A65533D007DA792 /* ItemService.swift */ = {isa = PBXFileReference; fileEncoding = 4; lastKnownFileType = sourcecode.swift; name = ItemService.swift; path = TestCoreData/ItemService.swift; sourceTree = "<group>"; };
		7D4B90DD1A655356007DA792 /* ToDoListDoneTableViewController.swift */ = {isa = PBXFileReference; fileEncoding = 4; lastKnownFileType = sourcecode.swift; name = ToDoListDoneTableViewController.swift; path = TestCoreData/ToDoListDoneTableViewController.swift; sourceTree = "<group>"; };
		7D4B90DE1A655356007DA792 /* ToDoListUndoTableViewController.swift */ = {isa = PBXFileReference; fileEncoding = 4; lastKnownFileType = sourcecode.swift; name = ToDoListUndoTableViewController.swift; path = TestCoreData/ToDoListUndoTableViewController.swift; sourceTree = "<group>"; };
		7D4B90E11A655365007DA792 /* Page.swift */ = {isa = PBXFileReference; fileEncoding = 4; lastKnownFileType = sourcecode.swift; name = Page.swift; path = TestCoreData/Page.swift; sourceTree = "<group>"; };
		7D4B90E61A65552A007DA792 /* README.md */ = {isa = PBXFileReference; lastKnownFileType = net.daringfireball.markdown; path = README.md; sourceTree = "<group>"; };
		7D9163E91A5C1AA800ED402F /* TestCoreData.app */ = {isa = PBXFileReference; explicitFileType = wrapper.application; includeInIndex = 0; path = TestCoreData.app; sourceTree = BUILT_PRODUCTS_DIR; };
		7D9163ED1A5C1AA800ED402F /* Info.plist */ = {isa = PBXFileReference; lastKnownFileType = text.plist.xml; path = Info.plist; sourceTree = "<group>"; };
		7D9163EE1A5C1AA800ED402F /* AppDelegate.swift */ = {isa = PBXFileReference; lastKnownFileType = sourcecode.swift; path = AppDelegate.swift; sourceTree = "<group>"; };
		7D9163F11A5C1AA800ED402F /* TestCoreData.xcdatamodel */ = {isa = PBXFileReference; lastKnownFileType = wrapper.xcdatamodel; path = TestCoreData.xcdatamodel; sourceTree = "<group>"; };
		7D9163F61A5C1AA800ED402F /* Base */ = {isa = PBXFileReference; lastKnownFileType = file.storyboard; name = Base; path = Base.lproj/Main.storyboard; sourceTree = "<group>"; };
		7D9163F81A5C1AA800ED402F /* Images.xcassets */ = {isa = PBXFileReference; lastKnownFileType = folder.assetcatalog; path = Images.xcassets; sourceTree = "<group>"; };
		7D9163FB1A5C1AA800ED402F /* Base */ = {isa = PBXFileReference; lastKnownFileType = file.xib; name = Base; path = Base.lproj/LaunchScreen.xib; sourceTree = "<group>"; };
		7D9164011A5C1AA800ED402F /* TestCoreDataTests.xctest */ = {isa = PBXFileReference; explicitFileType = wrapper.cfbundle; includeInIndex = 0; path = TestCoreDataTests.xctest; sourceTree = BUILT_PRODUCTS_DIR; };
		7D9164061A5C1AA800ED402F /* Info.plist */ = {isa = PBXFileReference; lastKnownFileType = text.plist.xml; path = Info.plist; sourceTree = "<group>"; };
		7D9164071A5C1AA800ED402F /* TestCoreDataTests.swift */ = {isa = PBXFileReference; lastKnownFileType = sourcecode.swift; path = TestCoreDataTests.swift; sourceTree = "<group>"; };
		7D9164111A5C1AFC00ED402F /* Item.swift */ = {isa = PBXFileReference; fileEncoding = 4; lastKnownFileType = sourcecode.swift; name = Item.swift; path = TestCoreData/Item.swift; sourceTree = "<group>"; };
		7D9164131A5C1CEF00ED402F /* ToDoListTableViewController.swift */ = {isa = PBXFileReference; fileEncoding = 4; lastKnownFileType = sourcecode.swift; name = ToDoListTableViewController.swift; path = TestCoreData/ToDoListTableViewController.swift; sourceTree = "<group>"; };
		7D9164151A5C1D0100ED402F /* AddItemViewController.swift */ = {isa = PBXFileReference; fileEncoding = 4; lastKnownFileType = sourcecode.swift; name = AddItemViewController.swift; path = TestCoreData/AddItemViewController.swift; sourceTree = "<group>"; };
		7D91641C1A5C24D400ED402F /* CoreDataHelper.swift */ = {isa = PBXFileReference; fileEncoding = 4; lastKnownFileType = sourcecode.swift; name = CoreDataHelper.swift; path = TestCoreData/CoreDataHelper.swift; sourceTree = "<group>"; };
		7DA3FE431A64023F0029BA86 /* FirstTabBarController.swift */ = {isa = PBXFileReference; fileEncoding = 4; lastKnownFileType = sourcecode.swift; name = FirstTabBarController.swift; path = TestCoreData/FirstTabBarController.swift; sourceTree = "<group>"; };
/* End PBXFileReference section */

/* Begin PBXFrameworksBuildPhase section */
		7D9163E61A5C1AA800ED402F /* Frameworks */ = {
			isa = PBXFrameworksBuildPhase;
			buildActionMask = 2147483647;
			files = (
			);
			runOnlyForDeploymentPostprocessing = 0;
		};
		7D9163FE1A5C1AA800ED402F /* Frameworks */ = {
			isa = PBXFrameworksBuildPhase;
			buildActionMask = 2147483647;
			files = (
			);
			runOnlyForDeploymentPostprocessing = 0;
		};
/* End PBXFrameworksBuildPhase section */

/* Begin PBXGroup section */
		7D4B90D81A655288007DA792 /* res */ = {
			isa = PBXGroup;
			children = (
				7D4B90D91A655288007DA792 /* logo-30.png */,
			);
			path = res;
			sourceTree = "<group>";
		};
		7D9163E01A5C1AA800ED402F = {
			isa = PBXGroup;
			children = (
				7D4B90E61A65552A007DA792 /* README.md */,
				7D4B90D81A655288007DA792 /* res */,
				7DD3FBCC1A5C355D0010A205 /* service */,
				7DD3FBCB1A5C34EF0010A205 /* controller */,
				7DD3FBCA1A5C349C0010A205 /* models */,
				7D9164171A5C23CF00ED402F /* common */,
				7D9163EB1A5C1AA800ED402F /* TestCoreData */,
				7D9164041A5C1AA800ED402F /* TestCoreDataTests */,
				7D9163EA1A5C1AA800ED402F /* Products */,
			);
			sourceTree = "<group>";
		};
		7D9163EA1A5C1AA800ED402F /* Products */ = {
			isa = PBXGroup;
			children = (
				7D9163E91A5C1AA800ED402F /* TestCoreData.app */,
				7D9164011A5C1AA800ED402F /* TestCoreDataTests.xctest */,
			);
			name = Products;
			sourceTree = "<group>";
		};
		7D9163EB1A5C1AA800ED402F /* TestCoreData */ = {
			isa = PBXGroup;
			children = (
				7D9163EE1A5C1AA800ED402F /* AppDelegate.swift */,
				7D9163F51A5C1AA800ED402F /* Main.storyboard */,
				7D9163F81A5C1AA800ED402F /* Images.xcassets */,
				7D9163FA1A5C1AA800ED402F /* LaunchScreen.xib */,
				7D9163F01A5C1AA800ED402F /* TestCoreData.xcdatamodeld */,
				7D9163EC1A5C1AA800ED402F /* Supporting Files */,
			);
			path = TestCoreData;
			sourceTree = "<group>";
		};
		7D9163EC1A5C1AA800ED402F /* Supporting Files */ = {
			isa = PBXGroup;
			children = (
				7D9163ED1A5C1AA800ED402F /* Info.plist */,
			);
			name = "Supporting Files";
			sourceTree = "<group>";
		};
		7D9164041A5C1AA800ED402F /* TestCoreDataTests */ = {
			isa = PBXGroup;
			children = (
				7D9164071A5C1AA800ED402F /* TestCoreDataTests.swift */,
				7D9164051A5C1AA800ED402F /* Supporting Files */,
			);
			path = TestCoreDataTests;
			sourceTree = "<group>";
		};
		7D9164051A5C1AA800ED402F /* Supporting Files */ = {
			isa = PBXGroup;
			children = (
				7D9164061A5C1AA800ED402F /* Info.plist */,
			);
			name = "Supporting Files";
			sourceTree = "<group>";
		};
		7D9164171A5C23CF00ED402F /* common */ = {
			isa = PBXGroup;
			children = (
				7D4B90E11A655365007DA792 /* Page.swift */,
				7D91641C1A5C24D400ED402F /* CoreDataHelper.swift */,
			);
			name = common;
			sourceTree = "<group>";
		};
		7DD3FBCA1A5C349C0010A205 /* models */ = {
			isa = PBXGroup;
			children = (
				7D9164111A5C1AFC00ED402F /* Item.swift */,
			);
			name = models;
			sourceTree = "<group>";
		};
		7DD3FBCB1A5C34EF0010A205 /* controller */ = {
			isa = PBXGroup;
			children = (
				7D4B90DD1A655356007DA792 /* ToDoListDoneTableViewController.swift */,
				7D4B90DE1A655356007DA792 /* ToDoListUndoTableViewController.swift */,
				7DA3FE431A64023F0029BA86 /* FirstTabBarController.swift */,
				7D9164131A5C1CEF00ED402F /* ToDoListTableViewController.swift */,
				7D9164151A5C1D0100ED402F /* AddItemViewController.swift */,
			);
			name = controller;
			sourceTree = "<group>";
		};
		7DD3FBCC1A5C355D0010A205 /* service */ = {
			isa = PBXGroup;
			children = (
				7D4B90DB1A65533D007DA792 /* ItemService.swift */,
			);
			name = service;
			sourceTree = "<group>";
		};
/* End PBXGroup section */

/* Begin PBXNativeTarget section */
		7D9163E81A5C1AA800ED402F /* TestCoreData */ = {
			isa = PBXNativeTarget;
			buildConfigurationList = 7D91640B1A5C1AA800ED402F /* Build configuration list for PBXNativeTarget "TestCoreData" */;
			buildPhases = (
				7D9163E51A5C1AA800ED402F /* Sources */,
				7D9163E61A5C1AA800ED402F /* Frameworks */,
				7D9163E71A5C1AA800ED402F /* Resources */,
			);
			buildRules = (
			);
			dependencies = (
			);
			name = TestCoreData;
			productName = TestCoreData;
			productReference = 7D9163E91A5C1AA800ED402F /* TestCoreData.app */;
			productType = "com.apple.product-type.application";
		};
		7D9164001A5C1AA800ED402F /* TestCoreDataTests */ = {
			isa = PBXNativeTarget;
			buildConfigurationList = 7D91640E1A5C1AA800ED402F /* Build configuration list for PBXNativeTarget "TestCoreDataTests" */;
			buildPhases = (
				7D9163FD1A5C1AA800ED402F /* Sources */,
				7D9163FE1A5C1AA800ED402F /* Frameworks */,
				7D9163FF1A5C1AA800ED402F /* Resources */,
			);
			buildRules = (
			);
			dependencies = (
				7D9164031A5C1AA800ED402F /* PBXTargetDependency */,
			);
			name = TestCoreDataTests;
			productName = TestCoreDataTests;
			productReference = 7D9164011A5C1AA800ED402F /* TestCoreDataTests.xctest */;
			productType = "com.apple.product-type.bundle.unit-test";
		};
/* End PBXNativeTarget section */

/* Begin PBXProject section */
		7D9163E11A5C1AA800ED402F /* Project object */ = {
			isa = PBXProject;
			attributes = {
				LastUpgradeCheck = 0610;
				ORGANIZATIONNAME = "胡伟琪";
				TargetAttributes = {
					7D9163E81A5C1AA800ED402F = {
						CreatedOnToolsVersion = 6.1.1;
					};
					7D9164001A5C1AA800ED402F = {
						CreatedOnToolsVersion = 6.1.1;
						TestTargetID = 7D9163E81A5C1AA800ED402F;
					};
				};
			};
			buildConfigurationList = 7D9163E41A5C1AA800ED402F /* Build configuration list for PBXProject "TestCoreData" */;
			compatibilityVersion = "Xcode 3.2";
			developmentRegion = English;
			hasScannedForEncodings = 0;
			knownRegions = (
				en,
				Base,
			);
			mainGroup = 7D9163E01A5C1AA800ED402F;
			productRefGroup = 7D9163EA1A5C1AA800ED402F /* Products */;
			projectDirPath = "";
			projectRoot = "";
			targets = (
				7D9163E81A5C1AA800ED402F /* TestCoreData */,
				7D9164001A5C1AA800ED402F /* TestCoreDataTests */,
			);
		};
/* End PBXProject section */

/* Begin PBXResourcesBuildPhase section */
		7D9163E71A5C1AA800ED402F /* Resources */ = {
			isa = PBXResourcesBuildPhase;
			buildActionMask = 2147483647;
			files = (
				7D9163F71A5C1AA800ED402F /* Main.storyboard in Resources */,
				7D9163FC1A5C1AA800ED402F /* LaunchScreen.xib in Resources */,
				7D9163F91A5C1AA800ED402F /* Images.xcassets in Resources */,
				7D4B90DA1A655288007DA792 /* logo-30.png in Resources */,
			);
			runOnlyForDeploymentPostprocessing = 0;
		};
		7D9163FF1A5C1AA800ED402F /* Resources */ = {
			isa = PBXResourcesBuildPhase;
			buildActionMask = 2147483647;
			files = (
			);
			runOnlyForDeploymentPostprocessing = 0;
		};
/* End PBXResourcesBuildPhase section */

/* Begin PBXSourcesBuildPhase section */
		7D9163E51A5C1AA800ED402F /* Sources */ = {
			isa = PBXSourcesBuildPhase;
			buildActionMask = 2147483647;
			files = (
				7D4B90DC1A65533D007DA792 /* ItemService.swift in Sources */,
				7D9164161A5C1D0100ED402F /* AddItemViewController.swift in Sources */,
				7D4B90E21A655365007DA792 /* Page.swift in Sources */,
				7D9164121A5C1AFC00ED402F /* Item.swift in Sources */,
				7D9163F21A5C1AA800ED402F /* TestCoreData.xcdatamodeld in Sources */,
				7D9163EF1A5C1AA800ED402F /* AppDelegate.swift in Sources */,
				7D91641D1A5C24D400ED402F /* CoreDataHelper.swift in Sources */,
				7D9164141A5C1CEF00ED402F /* ToDoListTableViewController.swift in Sources */,
				7D4B90E01A655356007DA792 /* ToDoListUndoTableViewController.swift in Sources */,
				7DA3FE441A64023F0029BA86 /* FirstTabBarController.swift in Sources */,
				7D4B90DF1A655356007DA792 /* ToDoListDoneTableViewController.swift in Sources */,
			);
			runOnlyForDeploymentPostprocessing = 0;
		};
		7D9163FD1A5C1AA800ED402F /* Sources */ = {
			isa = PBXSourcesBuildPhase;
			buildActionMask = 2147483647;
			files = (
				7D9164081A5C1AA800ED402F /* TestCoreDataTests.swift in Sources */,
			);
			runOnlyForDeploymentPostprocessing = 0;
		};
/* End PBXSourcesBuildPhase section */

/* Begin PBXTargetDependency section */
		7D9164031A5C1AA800ED402F /* PBXTargetDependency */ = {
			isa = PBXTargetDependency;
			target = 7D9163E81A5C1AA800ED402F /* TestCoreData */;
			targetProxy = 7D9164021A5C1AA800ED402F /* PBXContainerItemProxy */;
		};
/* End PBXTargetDependency section */

/* Begin PBXVariantGroup section */
		7D9163F51A5C1AA800ED402F /* Main.storyboard */ = {
			isa = PBXVariantGroup;
			children = (
				7D9163F61A5C1AA800ED402F /* Base */,
			);
			name = Main.storyboard;
			sourceTree = "<group>";
		};
		7D9163FA1A5C1AA800ED402F /* LaunchScreen.xib */ = {
			isa = PBXVariantGroup;
			children = (
				7D9163FB1A5C1AA800ED402F /* Base */,
			);
			name = LaunchScreen.xib;
			sourceTree = "<group>";
		};
/* End PBXVariantGroup section */

/* Begin XCBuildConfiguration section */
		7D9164091A5C1AA800ED402F /* Debug */ = {
			isa = XCBuildConfiguration;
			buildSettings = {
				ALWAYS_SEARCH_USER_PATHS = NO;
				CLANG_CXX_LANGUAGE_STANDARD = "gnu++0x";
				CLANG_CXX_LIBRARY = "libc++";
				CLANG_ENABLE_MODULES = YES;
				CLANG_ENABLE_OBJC_ARC = YES;
				CLANG_WARN_BOOL_CONVERSION = YES;
				CLANG_WARN_CONSTANT_CONVERSION = YES;
				CLANG_WARN_DIRECT_OBJC_ISA_USAGE = YES_ERROR;
				CLANG_WARN_EMPTY_BODY = YES;
				CLANG_WARN_ENUM_CONVERSION = YES;
				CLANG_WARN_INT_CONVERSION = YES;
				CLANG_WARN_OBJC_ROOT_CLASS = YES_ERROR;
				CLANG_WARN_UNREACHABLE_CODE = YES;
				CLANG_WARN__DUPLICATE_METHOD_MATCH = YES;
				"CODE_SIGN_IDENTITY[sdk=iphoneos*]" = "iPhone Developer";
				COPY_PHASE_STRIP = NO;
				ENABLE_STRICT_OBJC_MSGSEND = YES;
				GCC_C_LANGUAGE_STANDARD = gnu99;
				GCC_DYNAMIC_NO_PIC = NO;
				GCC_OPTIMIZATION_LEVEL = 0;
				GCC_PREPROCESSOR_DEFINITIONS = (
					"DEBUG=1",
					"$(inherited)",
				);
				GCC_SYMBOLS_PRIVATE_EXTERN = NO;
				GCC_WARN_64_TO_32_BIT_CONVERSION = YES;
				GCC_WARN_ABOUT_RETURN_TYPE = YES_ERROR;
				GCC_WARN_UNDECLARED_SELECTOR = YES;
				GCC_WARN_UNINITIALIZED_AUTOS = YES_AGGRESSIVE;
				GCC_WARN_UNUSED_FUNCTION = YES;
				GCC_WARN_UNUSED_VARIABLE = YES;
				IPHONEOS_DEPLOYMENT_TARGET = 8.1;
				MTL_ENABLE_DEBUG_INFO = YES;
				ONLY_ACTIVE_ARCH = YES;
				SDKROOT = iphoneos;
				SWIFT_OPTIMIZATION_LEVEL = "-Onone";
				TARGETED_DEVICE_FAMILY = "1,2";
			};
			name = Debug;
		};
		7D91640A1A5C1AA800ED402F /* Release */ = {
			isa = XCBuildConfiguration;
			buildSettings = {
				ALWAYS_SEARCH_USER_PATHS = NO;
				CLANG_CXX_LANGUAGE_STANDARD = "gnu++0x";
				CLANG_CXX_LIBRARY = "libc++";
				CLANG_ENABLE_MODULES = YES;
				CLANG_ENABLE_OBJC_ARC = YES;
				CLANG_WARN_BOOL_CONVERSION = YES;
				CLANG_WARN_CONSTANT_CONVERSION = YES;
				CLANG_WARN_DIRECT_OBJC_ISA_USAGE = YES_ERROR;
				CLANG_WARN_EMPTY_BODY = YES;
				CLANG_WARN_ENUM_CONVERSION = YES;
				CLANG_WARN_INT_CONVERSION = YES;
				CLANG_WARN_OBJC_ROOT_CLASS = YES_ERROR;
				CLANG_WARN_UNREACHABLE_CODE = YES;
				CLANG_WARN__DUPLICATE_METHOD_MATCH = YES;
				"CODE_SIGN_IDENTITY[sdk=iphoneos*]" = "iPhone Developer";
				COPY_PHASE_STRIP = YES;
				ENABLE_NS_ASSERTIONS = NO;
				ENABLE_STRICT_OBJC_MSGSEND = YES;
				GCC_C_LANGUAGE_STANDARD = gnu99;
				GCC_WARN_64_TO_32_BIT_CONVERSION = YES;
				GCC_WARN_ABOUT_RETURN_TYPE = YES_ERROR;
				GCC_WARN_UNDECLARED_SELECTOR = YES;
				GCC_WARN_UNINITIALIZED_AUTOS = YES_AGGRESSIVE;
				GCC_WARN_UNUSED_FUNCTION = YES;
				GCC_WARN_UNUSED_VARIABLE = YES;
				IPHONEOS_DEPLOYMENT_TARGET = 8.1;
				MTL_ENABLE_DEBUG_INFO = NO;
				SDKROOT = iphoneos;
				TARGETED_DEVICE_FAMILY = "1,2";
				VALIDATE_PRODUCT = YES;
			};
			name = Release;
		};
		7D91640C1A5C1AA800ED402F /* Debug */ = {
			isa = XCBuildConfiguration;
			buildSettings = {
				ASSETCATALOG_COMPILER_APPICON_NAME = AppIcon;
				INFOPLIST_FILE = TestCoreData/Info.plist;
				LD_RUNPATH_SEARCH_PATHS = "$(inherited) @executable_path/Frameworks";
				PRODUCT_NAME = "$(TARGET_NAME)";
			};
			name = Debug;
		};
		7D91640D1A5C1AA800ED402F /* Release */ = {
			isa = XCBuildConfiguration;
			buildSettings = {
				ASSETCATALOG_COMPILER_APPICON_NAME = AppIcon;
				INFOPLIST_FILE = TestCoreData/Info.plist;
				LD_RUNPATH_SEARCH_PATHS = "$(inherited) @executable_path/Frameworks";
				PRODUCT_NAME = "$(TARGET_NAME)";
			};
			name = Release;
		};
		7D91640F1A5C1AA800ED402F /* Debug */ = {
			isa = XCBuildConfiguration;
			buildSettings = {
				BUNDLE_LOADER = "$(TEST_HOST)";
				FRAMEWORK_SEARCH_PATHS = (
					"$(SDKROOT)/Developer/Library/Frameworks",
					"$(inherited)",
				);
				GCC_PREPROCESSOR_DEFINITIONS = (
					"DEBUG=1",
					"$(inherited)",
				);
				INFOPLIST_FILE = TestCoreDataTests/Info.plist;
				LD_RUNPATH_SEARCH_PATHS = "$(inherited) @executable_path/Frameworks @loader_path/Frameworks";
				PRODUCT_NAME = "$(TARGET_NAME)";
				TEST_HOST = "$(BUILT_PRODUCTS_DIR)/TestCoreData.app/TestCoreData";
			};
			name = Debug;
		};
		7D9164101A5C1AA800ED402F /* Release */ = {
			isa = XCBuildConfiguration;
			buildSettings = {
				BUNDLE_LOADER = "$(TEST_HOST)";
				FRAMEWORK_SEARCH_PATHS = (
					"$(SDKROOT)/Developer/Library/Frameworks",
					"$(inherited)",
				);
				INFOPLIST_FILE = TestCoreDataTests/Info.plist;
				LD_RUNPATH_SEARCH_PATHS = "$(inherited) @executable_path/Frameworks @loader_path/Frameworks";
				PRODUCT_NAME = "$(TARGET_NAME)";
				TEST_HOST = "$(BUILT_PRODUCTS_DIR)/TestCoreData.app/TestCoreData";
			};
			name = Release;
		};
/* End XCBuildConfiguration section */

/* Begin XCConfigurationList section */
		7D9163E41A5C1AA800ED402F /* Build configuration list for PBXProject "TestCoreData" */ = {
			isa = XCConfigurationList;
			buildConfigurations = (
				7D9164091A5C1AA800ED402F /* Debug */,
				7D91640A1A5C1AA800ED402F /* Release */,
			);
			defaultConfigurationIsVisible = 0;
			defaultConfigurationName = Release;
		};
		7D91640B1A5C1AA800ED402F /* Build configuration list for PBXNativeTarget "TestCoreData" */ = {
			isa = XCConfigurationList;
			buildConfigurations = (
				7D91640C1A5C1AA800ED402F /* Debug */,
				7D91640D1A5C1AA800ED402F /* Release */,
			);
			defaultConfigurationIsVisible = 0;
			defaultConfigurationName = Release;
		};
		7D91640E1A5C1AA800ED402F /* Build configuration list for PBXNativeTarget "TestCoreDataTests" */ = {
			isa = XCConfigurationList;
			buildConfigurations = (
				7D91640F1A5C1AA800ED402F /* Debug */,
				7D9164101A5C1AA800ED402F /* Release */,
			);
			defaultConfigurationIsVisible = 0;
			defaultConfigurationName = Release;
		};
/* End XCConfigurationList section */

/* Begin XCVersionGroup section */
		7D9163F01A5C1AA800ED402F /* TestCoreData.xcdatamodeld */ = {
			isa = XCVersionGroup;
			children = (
				7D9163F11A5C1AA800ED402F /* TestCoreData.xcdatamodel */,
			);
			currentVersion = 7D9163F11A5C1AA800ED402F /* TestCoreData.xcdatamodel */;
			path = TestCoreData.xcdatamodeld;
			sourceTree = "<group>";
			versionGroupType = wrapper.xcdatamodel;
		};
/* End XCVersionGroup section */
	};
	rootObject = 7D9163E11A5C1AA800ED402F /* Project object */;
}
